// !$*UTF8*$!
{
	archiveVersion = 1;
	classes = {
	};
	objectVersion = 46;
	objects = {

/* Begin PBXBuildFile section */
		B36FA3541C528E2500BB20DF /* main.m in Sources */ = {isa = PBXBuildFile; fileRef = B36FA3531C528E2500BB20DF /* main.m */; };
		B36FA3571C528E2500BB20DF /* AppDelegate.m in Sources */ = {isa = PBXBuildFile; fileRef = B36FA3561C528E2500BB20DF /* AppDelegate.m */; };
		B36FA35A1C528E2500BB20DF /* ViewController.m in Sources */ = {isa = PBXBuildFile; fileRef = B36FA3591C528E2500BB20DF /* ViewController.m */; };
		B36FA35D1C528E2500BB20DF /* Main.storyboard in Resources */ = {isa = PBXBuildFile; fileRef = B36FA35B1C528E2500BB20DF /* Main.storyboard */; };
		B36FA3601C528E2500BB20DF /* ParentApp.xcdatamodeld in Sources */ = {isa = PBXBuildFile; fileRef = B36FA35E1C528E2500BB20DF /* ParentApp.xcdatamodeld */; };
		B36FA3621C528E2500BB20DF /* Assets.xcassets in Resources */ = {isa = PBXBuildFile; fileRef = B36FA3611C528E2500BB20DF /* Assets.xcassets */; };
		B36FA3651C528E2500BB20DF /* LaunchScreen.storyboard in Resources */ = {isa = PBXBuildFile; fileRef = B36FA3631C528E2500BB20DF /* LaunchScreen.storyboard */; };
		B36FA3701C528E2500BB20DF /* ParentAppTests.m in Sources */ = {isa = PBXBuildFile; fileRef = B36FA36F1C528E2500BB20DF /* ParentAppTests.m */; };
		B36FA37B1C528E2500BB20DF /* ParentAppUITests.m in Sources */ = {isa = PBXBuildFile; fileRef = B36FA37A1C528E2500BB20DF /* ParentAppUITests.m */; };
		B38CD8521CC5819300E3A40D /* add_user.png in Resources */ = {isa = PBXBuildFile; fileRef = B38CD84C1CC5819300E3A40D /* add_user.png */; };
		B38CD8531CC5819300E3A40D /* baby_feet.png in Resources */ = {isa = PBXBuildFile; fileRef = B38CD84D1CC5819300E3A40D /* baby_feet.png */; };
		B38CD8541CC5819300E3A40D /* babys_room.png in Resources */ = {isa = PBXBuildFile; fileRef = B38CD84E1CC5819300E3A40D /* babys_room.png */; };
		B38CD8551CC5819300E3A40D /* crying_baby.png in Resources */ = {isa = PBXBuildFile; fileRef = B38CD84F1CC5819300E3A40D /* crying_baby.png */; };
		B38CD8561CC5819300E3A40D /* edit_user.png in Resources */ = {isa = PBXBuildFile; fileRef = B38CD8501CC5819300E3A40D /* edit_user.png */; };
		B38CD8571CC5819300E3A40D /* create_new.png in Resources */ = {isa = PBXBuildFile; fileRef = B38CD8511CC5819300E3A40D /* create_new.png */; };
		B38CD8591CC587DB00E3A40D /* parent.png in Resources */ = {isa = PBXBuildFile; fileRef = B38CD8581CC587DB00E3A40D /* parent.png */; };
		B38CD85B1CC58A0800E3A40D /* parent2.png in Resources */ = {isa = PBXBuildFile; fileRef = B38CD85A1CC58A0800E3A40D /* parent2.png */; };
		B38CD85D1CC5AE3800E3A40D /* back.png in Resources */ = {isa = PBXBuildFile; fileRef = B38CD85C1CC5AE3800E3A40D /* back.png */; };
		B38CD85F1CC5B5D600E3A40D /* back_32.png in Resources */ = {isa = PBXBuildFile; fileRef = B38CD85E1CC5B5D600E3A40D /* back_32.png */; };
		B38CD8611CC5BBA900E3A40D /* back_4.png in Resources */ = {isa = PBXBuildFile; fileRef = B38CD8601CC5BBA900E3A40D /* back_4.png */; };
/* End PBXBuildFile section */

/* Begin PBXContainerItemProxy section */
		B36FA36C1C528E2500BB20DF /* PBXContainerItemProxy */ = {
			isa = PBXContainerItemProxy;
			containerPortal = B36FA3471C528E2500BB20DF /* Project object */;
			proxyType = 1;
			remoteGlobalIDString = B36FA34E1C528E2500BB20DF;
			remoteInfo = ParentApp;
		};
		B36FA3771C528E2500BB20DF /* PBXContainerItemProxy */ = {
			isa = PBXContainerItemProxy;
			containerPortal = B36FA3471C528E2500BB20DF /* Project object */;
			proxyType = 1;
			remoteGlobalIDString = B36FA34E1C528E2500BB20DF;
			remoteInfo = ParentApp;
		};
/* End PBXContainerItemProxy section */

/* Begin PBXFileReference section */
		B36FA34F1C528E2500BB20DF /* ParentApp.app */ = {isa = PBXFileReference; explicitFileType = wrapper.application; includeInIndex = 0; path = ParentApp.app; sourceTree = BUILT_PRODUCTS_DIR; };
		B36FA3531C528E2500BB20DF /* main.m */ = {isa = PBXFileReference; lastKnownFileType = sourcecode.c.objc; path = main.m; sourceTree = "<group>"; };
		B36FA3551C528E2500BB20DF /* AppDelegate.h */ = {isa = PBXFileReference; lastKnownFileType = sourcecode.c.h; path = AppDelegate.h; sourceTree = "<group>"; };
		B36FA3561C528E2500BB20DF /* AppDelegate.m */ = {isa = PBXFileReference; lastKnownFileType = sourcecode.c.objc; path = AppDelegate.m; sourceTree = "<group>"; };
		B36FA3581C528E2500BB20DF /* ViewController.h */ = {isa = PBXFileReference; lastKnownFileType = sourcecode.c.h; path = ViewController.h; sourceTree = "<group>"; };
		B36FA3591C528E2500BB20DF /* ViewController.m */ = {isa = PBXFileReference; lastKnownFileType = sourcecode.c.objc; path = ViewController.m; sourceTree = "<group>"; };
		B36FA35C1C528E2500BB20DF /* Base */ = {isa = PBXFileReference; lastKnownFileType = file.storyboard; name = Base; path = Base.lproj/Main.storyboard; sourceTree = "<group>"; };
		B36FA35F1C528E2500BB20DF /* ParentApp.xcdatamodel */ = {isa = PBXFileReference; lastKnownFileType = wrapper.xcdatamodel; path = ParentApp.xcdatamodel; sourceTree = "<group>"; };
		B36FA3611C528E2500BB20DF /* Assets.xcassets */ = {isa = PBXFileReference; lastKnownFileType = folder.assetcatalog; path = Assets.xcassets; sourceTree = "<group>"; };
		B36FA3641C528E2500BB20DF /* Base */ = {isa = PBXFileReference; lastKnownFileType = file.storyboard; name = Base; path = Base.lproj/LaunchScreen.storyboard; sourceTree = "<group>"; };
		B36FA3661C528E2500BB20DF /* Info.plist */ = {isa = PBXFileReference; lastKnownFileType = text.plist.xml; path = Info.plist; sourceTree = "<group>"; };
		B36FA36B1C528E2500BB20DF /* ParentAppTests.xctest */ = {isa = PBXFileReference; explicitFileType = wrapper.cfbundle; includeInIndex = 0; path = ParentAppTests.xctest; sourceTree = BUILT_PRODUCTS_DIR; };
		B36FA36F1C528E2500BB20DF /* ParentAppTests.m */ = {isa = PBXFileReference; lastKnownFileType = sourcecode.c.objc; path = ParentAppTests.m; sourceTree = "<group>"; };
		B36FA3711C528E2500BB20DF /* Info.plist */ = {isa = PBXFileReference; lastKnownFileType = text.plist.xml; path = Info.plist; sourceTree = "<group>"; };
		B36FA3761C528E2500BB20DF /* ParentAppUITests.xctest */ = {isa = PBXFileReference; explicitFileType = wrapper.cfbundle; includeInIndex = 0; path = ParentAppUITests.xctest; sourceTree = BUILT_PRODUCTS_DIR; };
		B36FA37A1C528E2500BB20DF /* ParentAppUITests.m */ = {isa = PBXFileReference; lastKnownFileType = sourcecode.c.objc; path = ParentAppUITests.m; sourceTree = "<group>"; };
		B36FA37C1C528E2500BB20DF /* Info.plist */ = {isa = PBXFileReference; lastKnownFileType = text.plist.xml; path = Info.plist; sourceTree = "<group>"; };
		B38CD84C1CC5819300E3A40D /* add_user.png */ = {isa = PBXFileReference; lastKnownFileType = image.png; path = add_user.png; sourceTree = "<group>"; };
		B38CD84D1CC5819300E3A40D /* baby_feet.png */ = {isa = PBXFileReference; lastKnownFileType = image.png; path = baby_feet.png; sourceTree = "<group>"; };
		B38CD84E1CC5819300E3A40D /* babys_room.png */ = {isa = PBXFileReference; lastKnownFileType = image.png; path = babys_room.png; sourceTree = "<group>"; };
		B38CD84F1CC5819300E3A40D /* crying_baby.png */ = {isa = PBXFileReference; lastKnownFileType = image.png; path = crying_baby.png; sourceTree = "<group>"; };
		B38CD8501CC5819300E3A40D /* edit_user.png */ = {isa = PBXFileReference; lastKnownFileType = image.png; path = edit_user.png; sourceTree = "<group>"; };
		B38CD8511CC5819300E3A40D /* create_new.png */ = {isa = PBXFileReference; lastKnownFileType = image.png; path = create_new.png; sourceTree = "<group>"; };
		B38CD8581CC587DB00E3A40D /* parent.png */ = {isa = PBXFileReference; lastKnownFileType = image.png; path = parent.png; sourceTree = "<group>"; };
		B38CD85A1CC58A0800E3A40D /* parent2.png */ = {isa = PBXFileReference; lastKnownFileType = image.png; path = parent2.png; sourceTree = "<group>"; };
		B38CD85C1CC5AE3800E3A40D /* back.png */ = {isa = PBXFileReference; lastKnownFileType = image.png; path = back.png; sourceTree = "<group>"; };
		B38CD85E1CC5B5D600E3A40D /* back_32.png */ = {isa = PBXFileReference; lastKnownFileType = image.png; path = back_32.png; sourceTree = "<group>"; };
		B38CD8601CC5BBA900E3A40D /* back_4.png */ = {isa = PBXFileReference; lastKnownFileType = image.png; path = back_4.png; sourceTree = "<group>"; };
/* End PBXFileReference section */

/* Begin PBXFrameworksBuildPhase section */
		B36FA34C1C528E2500BB20DF /* Frameworks */ = {
			isa = PBXFrameworksBuildPhase;
			buildActionMask = 2147483647;
			files = (
			);
			runOnlyForDeploymentPostprocessing = 0;
		};
		B36FA3681C528E2500BB20DF /* Frameworks */ = {
			isa = PBXFrameworksBuildPhase;
			buildActionMask = 2147483647;
			files = (
			);
			runOnlyForDeploymentPostprocessing = 0;
		};
		B36FA3731C528E2500BB20DF /* Frameworks */ = {
			isa = PBXFrameworksBuildPhase;
			buildActionMask = 2147483647;
			files = (
			);
			runOnlyForDeploymentPostprocessing = 0;
		};
/* End PBXFrameworksBuildPhase section */

/* Begin PBXGroup section */
		B36FA3461C528E2500BB20DF = {
			isa = PBXGroup;
			children = (
				B36FA3511C528E2500BB20DF /* ParentApp */,
				B36FA36E1C528E2500BB20DF /* ParentAppTests */,
				B36FA3791C528E2500BB20DF /* ParentAppUITests */,
				B36FA3501C528E2500BB20DF /* Products */,
			);
			sourceTree = "<group>";
		};
		B36FA3501C528E2500BB20DF /* Products */ = {
			isa = PBXGroup;
			children = (
				B36FA34F1C528E2500BB20DF /* ParentApp.app */,
				B36FA36B1C528E2500BB20DF /* ParentAppTests.xctest */,
				B36FA3761C528E2500BB20DF /* ParentAppUITests.xctest */,
			);
			name = Products;
			sourceTree = "<group>";
		};
		B36FA3511C528E2500BB20DF /* ParentApp */ = {
			isa = PBXGroup;
			children = (
				B36FA3551C528E2500BB20DF /* AppDelegate.h */,
				B36FA3561C528E2500BB20DF /* AppDelegate.m */,
				B36FA3581C528E2500BB20DF /* ViewController.h */,
				B36FA3591C528E2500BB20DF /* ViewController.m */,
				B36FA35B1C528E2500BB20DF /* Main.storyboard */,
				B36FA3611C528E2500BB20DF /* Assets.xcassets */,
				B38CD8601CC5BBA900E3A40D /* back_4.png */,
				B38CD85E1CC5B5D600E3A40D /* back_32.png */,
				B38CD85C1CC5AE3800E3A40D /* back.png */,
				B38CD85A1CC58A0800E3A40D /* parent2.png */,
				B38CD8581CC587DB00E3A40D /* parent.png */,
				B38CD84C1CC5819300E3A40D /* add_user.png */,
				B38CD84D1CC5819300E3A40D /* baby_feet.png */,
				B38CD84E1CC5819300E3A40D /* babys_room.png */,
				B38CD84F1CC5819300E3A40D /* crying_baby.png */,
				B38CD8501CC5819300E3A40D /* edit_user.png */,
				B38CD8511CC5819300E3A40D /* create_new.png */,
				B36FA3631C528E2500BB20DF /* LaunchScreen.storyboard */,
				B36FA3661C528E2500BB20DF /* Info.plist */,
				B36FA35E1C528E2500BB20DF /* ParentApp.xcdatamodeld */,
				B36FA3521C528E2500BB20DF /* Supporting Files */,
			);
			path = ParentApp;
			sourceTree = "<group>";
		};
		B36FA3521C528E2500BB20DF /* Supporting Files */ = {
			isa = PBXGroup;
			children = (
				B36FA3531C528E2500BB20DF /* main.m */,
			);
			name = "Supporting Files";
			sourceTree = "<group>";
		};
		B36FA36E1C528E2500BB20DF /* ParentAppTests */ = {
			isa = PBXGroup;
			children = (
				B36FA36F1C528E2500BB20DF /* ParentAppTests.m */,
				B36FA3711C528E2500BB20DF /* Info.plist */,
			);
			path = ParentAppTests;
			sourceTree = "<group>";
		};
		B36FA3791C528E2500BB20DF /* ParentAppUITests */ = {
			isa = PBXGroup;
			children = (
				B36FA37A1C528E2500BB20DF /* ParentAppUITests.m */,
				B36FA37C1C528E2500BB20DF /* Info.plist */,
			);
			path = ParentAppUITests;
			sourceTree = "<group>";
		};
/* End PBXGroup section */

/* Begin PBXNativeTarget section */
		B36FA34E1C528E2500BB20DF /* ParentApp */ = {
			isa = PBXNativeTarget;
			buildConfigurationList = B36FA37F1C528E2500BB20DF /* Build configuration list for PBXNativeTarget "ParentApp" */;
			buildPhases = (
				B36FA34B1C528E2500BB20DF /* Sources */,
				B36FA34C1C528E2500BB20DF /* Frameworks */,
				B36FA34D1C528E2500BB20DF /* Resources */,
			);
			buildRules = (
			);
			dependencies = (
			);
			name = ParentApp;
			productName = ParentApp;
			productReference = B36FA34F1C528E2500BB20DF /* ParentApp.app */;
			productType = "com.apple.product-type.application";
		};
		B36FA36A1C528E2500BB20DF /* ParentAppTests */ = {
			isa = PBXNativeTarget;
			buildConfigurationList = B36FA3821C528E2500BB20DF /* Build configuration list for PBXNativeTarget "ParentAppTests" */;
			buildPhases = (
				B36FA3671C528E2500BB20DF /* Sources */,
				B36FA3681C528E2500BB20DF /* Frameworks */,
				B36FA3691C528E2500BB20DF /* Resources */,
			);
			buildRules = (
			);
			dependencies = (
				B36FA36D1C528E2500BB20DF /* PBXTargetDependency */,
			);
			name = ParentAppTests;
			productName = ParentAppTests;
			productReference = B36FA36B1C528E2500BB20DF /* ParentAppTests.xctest */;
			productType = "com.apple.product-type.bundle.unit-test";
		};
		B36FA3751C528E2500BB20DF /* ParentAppUITests */ = {
			isa = PBXNativeTarget;
			buildConfigurationList = B36FA3851C528E2500BB20DF /* Build configuration list for PBXNativeTarget "ParentAppUITests" */;
			buildPhases = (
				B36FA3721C528E2500BB20DF /* Sources */,
				B36FA3731C528E2500BB20DF /* Frameworks */,
				B36FA3741C528E2500BB20DF /* Resources */,
			);
			buildRules = (
			);
			dependencies = (
				B36FA3781C528E2500BB20DF /* PBXTargetDependency */,
			);
			name = ParentAppUITests;
			productName = ParentAppUITests;
			productReference = B36FA3761C528E2500BB20DF /* ParentAppUITests.xctest */;
			productType = "com.apple.product-type.bundle.ui-testing";
		};
/* End PBXNativeTarget section */

/* Begin PBXProject section */
		B36FA3471C528E2500BB20DF /* Project object */ = {
			isa = PBXProject;
			attributes = {
				LastUpgradeCheck = 0720;
				ORGANIZATIONNAME = "Vladyslav Gusakov";
				TargetAttributes = {
					B36FA34E1C528E2500BB20DF = {
						CreatedOnToolsVersion = 7.2;
						DevelopmentTeam = 55YGEFWX58;
					};
					B36FA36A1C528E2500BB20DF = {
						CreatedOnToolsVersion = 7.2;
						DevelopmentTeam = 55YGEFWX58;
						TestTargetID = B36FA34E1C528E2500BB20DF;
					};
					B36FA3751C528E2500BB20DF = {
						CreatedOnToolsVersion = 7.2;
						DevelopmentTeam = 55YGEFWX58;
						TestTargetID = B36FA34E1C528E2500BB20DF;
					};
				};
			};
			buildConfigurationList = B36FA34A1C528E2500BB20DF /* Build configuration list for PBXProject "ParentApp" */;
			compatibilityVersion = "Xcode 3.2";
			developmentRegion = English;
			hasScannedForEncodings = 0;
			knownRegions = (
				en,
				Base,
			);
			mainGroup = B36FA3461C528E2500BB20DF;
			productRefGroup = B36FA3501C528E2500BB20DF /* Products */;
			projectDirPath = "";
			projectRoot = "";
			targets = (
				B36FA34E1C528E2500BB20DF /* ParentApp */,
				B36FA36A1C528E2500BB20DF /* ParentAppTests */,
				B36FA3751C528E2500BB20DF /* ParentAppUITests */,
			);
		};
/* End PBXProject section */

/* Begin PBXResourcesBuildPhase section */
		B36FA34D1C528E2500BB20DF /* Resources */ = {
			isa = PBXResourcesBuildPhase;
			buildActionMask = 2147483647;
			files = (
				B38CD8541CC5819300E3A40D /* babys_room.png in Resources */,
				B38CD8591CC587DB00E3A40D /* parent.png in Resources */,
				B38CD85F1CC5B5D600E3A40D /* back_32.png in Resources */,
				B38CD85B1CC58A0800E3A40D /* parent2.png in Resources */,
				B38CD8551CC5819300E3A40D /* crying_baby.png in Resources */,
				B36FA3651C528E2500BB20DF /* LaunchScreen.storyboard in Resources */,
				B36FA3621C528E2500BB20DF /* Assets.xcassets in Resources */,
				B38CD8611CC5BBA900E3A40D /* back_4.png in Resources */,
				B38CD8571CC5819300E3A40D /* create_new.png in Resources */,
				B38CD85D1CC5AE3800E3A40D /* back.png in Resources */,
				B38CD8561CC5819300E3A40D /* edit_user.png in Resources */,
				B38CD8521CC5819300E3A40D /* add_user.png in Resources */,
				B38CD8531CC5819300E3A40D /* baby_feet.png in Resources */,
				B36FA35D1C528E2500BB20DF /* Main.storyboard in Resources */,
			);
			runOnlyForDeploymentPostprocessing = 0;
		};
		B36FA3691C528E2500BB20DF /* Resources */ = {
			isa = PBXResourcesBuildPhase;
			buildActionMask = 2147483647;
			files = (
			);
			runOnlyForDeploymentPostprocessing = 0;
		};
		B36FA3741C528E2500BB20DF /* Resources */ = {
			isa = PBXResourcesBuildPhase;
			buildActionMask = 2147483647;
			files = (
			);
			runOnlyForDeploymentPostprocessing = 0;
		};
/* End PBXResourcesBuildPhase section */

/* Begin PBXSourcesBuildPhase section */
		B36FA34B1C528E2500BB20DF /* Sources */ = {
			isa = PBXSourcesBuildPhase;
			buildActionMask = 2147483647;
			files = (
				B36FA35A1C528E2500BB20DF /* ViewController.m in Sources */,
				B36FA3601C528E2500BB20DF /* ParentApp.xcdatamodeld in Sources */,
				B36FA3571C528E2500BB20DF /* AppDelegate.m in Sources */,
				B36FA3541C528E2500BB20DF /* main.m in Sources */,
			);
			runOnlyForDeploymentPostprocessing = 0;
		};
		B36FA3671C528E2500BB20DF /* Sources */ = {
			isa = PBXSourcesBuildPhase;
			buildActionMask = 2147483647;
			files = (
				B36FA3701C528E2500BB20DF /* ParentAppTests.m in Sources */,
			);
			runOnlyForDeploymentPostprocessing = 0;
		};
		B36FA3721C528E2500BB20DF /* Sources */ = {
			isa = PBXSourcesBuildPhase;
			buildActionMask = 2147483647;
			files = (
				B36FA37B1C528E2500BB20DF /* ParentAppUITests.m in Sources */,
			);
			runOnlyForDeploymentPostprocessing = 0;
		};
/* End PBXSourcesBuildPhase section */

/* Begin PBXTargetDependency section */
		B36FA36D1C528E2500BB20DF /* PBXTargetDependency */ = {
			isa = PBXTargetDependency;
			target = B36FA34E1C528E2500BB20DF /* ParentApp */;
			targetProxy = B36FA36C1C528E2500BB20DF /* PBXContainerItemProxy */;
		};
		B36FA3781C528E2500BB20DF /* PBXTargetDependency */ = {
			isa = PBXTargetDependency;
			target = B36FA34E1C528E2500BB20DF /* ParentApp */;
			targetProxy = B36FA3771C528E2500BB20DF /* PBXContainerItemProxy */;
		};
/* End PBXTargetDependency section */

/* Begin PBXVariantGroup section */
		B36FA35B1C528E2500BB20DF /* Main.storyboard */ = {
			isa = PBXVariantGroup;
			children = (
				B36FA35C1C528E2500BB20DF /* Base */,
			);
			name = Main.storyboard;
			sourceTree = "<group>";
		};
		B36FA3631C528E2500BB20DF /* LaunchScreen.storyboard */ = {
			isa = PBXVariantGroup;
			children = (
				B36FA3641C528E2500BB20DF /* Base */,
			);
			name = LaunchScreen.storyboard;
			sourceTree = "<group>";
		};
/* End PBXVariantGroup section */

/* Begin XCBuildConfiguration section */
		B36FA37D1C528E2500BB20DF /* Debug */ = {
			isa = XCBuildConfiguration;
			buildSettings = {
				ALWAYS_SEARCH_USER_PATHS = NO;
				CLANG_CXX_LANGUAGE_STANDARD = "gnu++0x";
				CLANG_CXX_LIBRARY = "libc++";
				CLANG_ENABLE_MODULES = YES;
				CLANG_ENABLE_OBJC_ARC = YES;
				CLANG_WARN_BOOL_CONVERSION = YES;
				CLANG_WARN_CONSTANT_CONVERSION = YES;
				CLANG_WARN_DIRECT_OBJC_ISA_USAGE = YES_ERROR;
				CLANG_WARN_EMPTY_BODY = YES;
				CLANG_WARN_ENUM_CONVERSION = YES;
				CLANG_WARN_INT_CONVERSION = YES;
				CLANG_WARN_OBJC_ROOT_CLASS = YES_ERROR;
				CLANG_WARN_UNREACHABLE_CODE = YES;
				CLANG_WARN__DUPLICATE_METHOD_MATCH = YES;
				"CODE_SIGN_IDENTITY[sdk=iphoneos*]" = "iPhone Developer";
				COPY_PHASE_STRIP = NO;
				DEBUG_INFORMATION_FORMAT = dwarf;
				ENABLE_STRICT_OBJC_MSGSEND = YES;
				ENABLE_TESTABILITY = YES;
				GCC_C_LANGUAGE_STANDARD = gnu99;
				GCC_DYNAMIC_NO_PIC = NO;
				GCC_NO_COMMON_BLOCKS = YES;
				GCC_OPTIMIZATION_LEVEL = 0;
				GCC_PREPROCESSOR_DEFINITIONS = (
					"DEBUG=1",
					"$(inherited)",
				);
				GCC_WARN_64_TO_32_BIT_CONVERSION = YES;
				GCC_WARN_ABOUT_RETURN_TYPE = YES_ERROR;
				GCC_WARN_UNDECLARED_SELECTOR = YES;
				GCC_WARN_UNINITIALIZED_AUTOS = YES_AGGRESSIVE;
				GCC_WARN_UNUSED_FUNCTION = YES;
				GCC_WARN_UNUSED_VARIABLE = YES;
				IPHONEOS_DEPLOYMENT_TARGET = 9.2;
				MTL_ENABLE_DEBUG_INFO = YES;
				ONLY_ACTIVE_ARCH = YES;
				SDKROOT = iphoneos;
			};
			name = Debug;
		};
		B36FA37E1C528E2500BB20DF /* Release */ = {
			isa = XCBuildConfiguration;
			buildSettings = {
				ALWAYS_SEARCH_USER_PATHS = NO;
				CLANG_CXX_LANGUAGE_STANDARD = "gnu++0x";
				CLANG_CXX_LIBRARY = "libc++";
				CLANG_ENABLE_MODULES = YES;
				CLANG_ENABLE_OBJC_ARC = YES;
				CLANG_WARN_BOOL_CONVERSION = YES;
				CLANG_WARN_CONSTANT_CONVERSION = YES;
				CLANG_WARN_DIRECT_OBJC_ISA_USAGE = YES_ERROR;
				CLANG_WARN_EMPTY_BODY = YES;
				CLANG_WARN_ENUM_CONVERSION = YES;
				CLANG_WARN_INT_CONVERSION = YES;
				CLANG_WARN_OBJC_ROOT_CLASS = YES_ERROR;
				CLANG_WARN_UNREACHABLE_CODE = YES;
				CLANG_WARN__DUPLICATE_METHOD_MATCH = YES;
				"CODE_SIGN_IDENTITY[sdk=iphoneos*]" = "iPhone Developer";
				COPY_PHASE_STRIP = NO;
				DEBUG_INFORMATION_FORMAT = "dwarf-with-dsym";
				ENABLE_NS_ASSERTIONS = NO;
				ENABLE_STRICT_OBJC_MSGSEND = YES;
				GCC_C_LANGUAGE_STANDARD = gnu99;
				GCC_NO_COMMON_BLOCKS = YES;
				GCC_WARN_64_TO_32_BIT_CONVERSION = YES;
				GCC_WARN_ABOUT_RETURN_TYPE = YES_ERROR;
				GCC_WARN_UNDECLARED_SELECTOR = YES;
				GCC_WARN_UNINITIALIZED_AUTOS = YES_AGGRESSIVE;
				GCC_WARN_UNUSED_FUNCTION = YES;
				GCC_WARN_UNUSED_VARIABLE = YES;
				IPHONEOS_DEPLOYMENT_TARGET = 9.2;
				MTL_ENABLE_DEBUG_INFO = NO;
				SDKROOT = iphoneos;
				VALIDATE_PRODUCT = YES;
			};
			name = Release;
		};
		B36FA3801C528E2500BB20DF /* Debug */ = {
			isa = XCBuildConfiguration;
			buildSettings = {
				ASSETCATALOG_COMPILER_APPICON_NAME = AppIcon;
				CODE_SIGN_IDENTITY = "iPhone Developer";
				INFOPLIST_FILE = ParentApp/Info.plist;
				LD_RUNPATH_SEARCH_PATHS = "$(inherited) @executable_path/Frameworks";
				PRODUCT_BUNDLE_IDENTIFIER = com.vlgusakov.ParentApp;
				PRODUCT_NAME = "$(TARGET_NAME)";
			};
			name = Debug;
		};
		B36FA3811C528E2500BB20DF /* Release */ = {
			isa = XCBuildConfiguration;
			buildSettings = {
				ASSETCATALOG_COMPILER_APPICON_NAME = AppIcon;
				CODE_SIGN_IDENTITY = "iPhone Developer";
				INFOPLIST_FILE = ParentApp/Info.plist;
				LD_RUNPATH_SEARCH_PATHS = "$(inherited) @executable_path/Frameworks";
				PRODUCT_BUNDLE_IDENTIFIER = com.vlgusakov.ParentApp;
				PRODUCT_NAME = "$(TARGET_NAME)";
			};
			name = Release;
		};
		B36FA3831C528E2500BB20DF /* Debug */ = {
			isa = XCBuildConfiguration;
			buildSettings = {
				BUNDLE_LOADER = "$(TEST_HOST)";
				INFOPLIST_FILE = ParentAppTests/Info.plist;
				LD_RUNPATH_SEARCH_PATHS = "$(inherited) @executable_path/Frameworks @loader_path/Frameworks";
				PRODUCT_BUNDLE_IDENTIFIER = com.vlgusakov.ParentAppTests;
				PRODUCT_NAME = "$(TARGET_NAME)";
				TEST_HOST = "$(BUILT_PRODUCTS_DIR)/ParentApp.app/ParentApp";
			};
			name = Debug;
		};
		B36FA3841C528E2500BB20DF /* Release */ = {
			isa = XCBuildConfiguration;
			buildSettings = {
				BUNDLE_LOADER = "$(TEST_HOST)";
				INFOPLIST_FILE = ParentAppTests/Info.plist;
				LD_RUNPATH_SEARCH_PATHS = "$(inherited) @executable_path/Frameworks @loader_path/Frameworks";
				PRODUCT_BUNDLE_IDENTIFIER = com.vlgusakov.ParentAppTests;
				PRODUCT_NAME = "$(TARGET_NAME)";
				TEST_HOST = "$(BUILT_PRODUCTS_DIR)/ParentApp.app/ParentApp";
			};
			name = Release;
		};
		B36FA3861C528E2500BB20DF /* Debug */ = {
			isa = XCBuildConfiguration;
			buildSettings = {
				INFOPLIST_FILE = ParentAppUITests/Info.plist;
				LD_RUNPATH_SEARCH_PATHS = "$(inherited) @executable_path/Frameworks @loader_path/Frameworks";
				PRODUCT_BUNDLE_IDENTIFIER = com.vlgusakov.ParentAppUITests;
				PRODUCT_NAME = "$(TARGET_NAME)";
				TEST_TARGET_NAME = ParentApp;
				USES_XCTRUNNER = YES;
			};
			name = Debug;
		};
		B36FA3871C528E2500BB20DF /* Release */ = {
			isa = XCBuildConfiguration;
			buildSettings = {
				INFOPLIST_FILE = ParentAppUITests/Info.plist;
				LD_RUNPATH_SEARCH_PATHS = "$(inherited) @executable_path/Frameworks @loader_path/Frameworks";
				PRODUCT_BUNDLE_IDENTIFIER = com.vlgusakov.ParentAppUITests;
				PRODUCT_NAME = "$(TARGET_NAME)";
				TEST_TARGET_NAME = ParentApp;
				USES_XCTRUNNER = YES;
			};
			name = Release;
		};
/* End XCBuildConfiguration section */

/* Begin XCConfigurationList section */
		B36FA34A1C528E2500BB20DF /* Build configuration list for PBXProject "ParentApp" */ = {
			isa = XCConfigurationList;
			buildConfigurations = (
				B36FA37D1C528E2500BB20DF /* Debug */,
				B36FA37E1C528E2500BB20DF /* Release */,
			);
			defaultConfigurationIsVisible = 0;
			defaultConfigurationName = Release;
		};
		B36FA37F1C528E2500BB20DF /* Build configuration list for PBXNativeTarget "ParentApp" */ = {
			isa = XCConfigurationList;
			buildConfigurations = (
				B36FA3801C528E2500BB20DF /* Debug */,
				B36FA3811C528E2500BB20DF /* Release */,
			);
			defaultConfigurationIsVisible = 0;
			defaultConfigurationName = Release;
		};
		B36FA3821C528E2500BB20DF /* Build configuration list for PBXNativeTarget "ParentAppTests" */ = {
			isa = XCConfigurationList;
			buildConfigurations = (
				B36FA3831C528E2500BB20DF /* Debug */,
				B36FA3841C528E2500BB20DF /* Release */,
			);
			defaultConfigurationIsVisible = 0;
			defaultConfigurationName = Release;
		};
		B36FA3851C528E2500BB20DF /* Build configuration list for PBXNativeTarget "ParentAppUITests" */ = {
			isa = XCConfigurationList;
			buildConfigurations = (
				B36FA3861C528E2500BB20DF /* Debug */,
				B36FA3871C528E2500BB20DF /* Release */,
			);
			defaultConfigurationIsVisible = 0;
			defaultConfigurationName = Release;
		};
/* End XCConfigurationList section */

/* Begin XCVersionGroup section */
		B36FA35E1C528E2500BB20DF /* ParentApp.xcdatamodeld */ = {
			isa = XCVersionGroup;
			children = (
				B36FA35F1C528E2500BB20DF /* ParentApp.xcdatamodel */,
			);
			currentVersion = B36FA35F1C528E2500BB20DF /* ParentApp.xcdatamodel */;
			path = ParentApp.xcdatamodeld;
			sourceTree = "<group>";
			versionGroupType = wrapper.xcdatamodel;
		};
/* End XCVersionGroup section */
	};
	rootObject = B36FA3471C528E2500BB20DF /* Project object */;
}
